
Microsoft Visual Studio Solution File, Format Version 12.00
# Visual Studio Version 16
VisualStudioVersion = 16.0.31729.503
MinimumVisualStudioVersion = 10.0.40219.1
Project("{FAE04EC0-301F-11D3-BF4B-00C04F79EFBC}") = "WpfApp1", "WpfApp1\WpfApp1.csproj", "{8D2909CC-C825-41A3-9EE8-943CE56D78AA}"
EndProject
Global
	GlobalSection(SolutionConfigurationPlatforms) = preSolution
		Debug|Any CPU = Debug|Any CPU
		Release|Any CPU = Release|Any CPU
	EndGlobalSection
	GlobalSection(ProjectConfigurationPlatforms) = postSolution
		{8D2909CC-C825-41A3-9EE8-943CE56D78AA}.Debug|Any CPU.ActiveCfg = Debug|Any CPU
		{8D2909CC-C825-41A3-9EE8-943CE56D78AA}.Debug|Any CPU.Build.0 = Debug|Any CPU
		{8D2909CC-C825-41A3-9EE8-943CE56D78AA}.Release|Any CPU.ActiveCfg = Release|Any CPU
		{8D2909CC-C825-41A3-9EE8-943CE56D78AA}.Release|Any CPU.Build.0 = Release|Any CPU
	EndGlobalSection
	GlobalSection(SolutionProperties) = preSolution
		HideSolutionNode = FALSE
	EndGlobalSection
	GlobalSection(ExtensibilityGlobals) = postSolution
		SolutionGuid = {FEE242D3-44B0-44D2-B807-BD7F3CADE673}
	EndGlobalSection
EndGlobal
